
Microsoft Visual Studio Solution File, Format Version 12.00
# Visual Studio 15
VisualStudioVersion = 15.0.28010.2036
MinimumVisualStudioVersion = 10.0.40219.1
Project("{FAE04EC0-301F-11D3-BF4B-00C04F79EFBC}") = "car", "car\car.csproj", "{D99F84D4-0D29-4AFC-A3FA-F59F58675B97}"
EndProject
Global
	GlobalSection(SolutionConfigurationPlatforms) = preSolution
		Debug|ARM = Debug|ARM
		Debug|x64 = Debug|x64
		Debug|x86 = Debug|x86
		Release|ARM = Release|ARM
		Release|x64 = Release|x64
		Release|x86 = Release|x86
	EndGlobalSection
	GlobalSection(ProjectConfigurationPlatforms) = postSolution
		{D99F84D4-0D29-4AFC-A3FA-F59F58675B97}.Debug|ARM.ActiveCfg = Debug|ARM
		{D99F84D4-0D29-4AFC-A3FA-F59F58675B97}.Debug|ARM.Build.0 = Debug|ARM
		{D99F84D4-0D29-4AFC-A3FA-F59F58675B97}.Debug|ARM.Deploy.0 = Debug|ARM
		{D99F84D4-0D29-4AFC-A3FA-F59F58675B97}.Debug|x64.ActiveCfg = Debug|x64
		{D99F84D4-0D29-4AFC-A3FA-F59F58675B97}.Debug|x64.Build.0 = Debug|x64
		{D99F84D4-0D29-4AFC-A3FA-F59F58675B97}.Debug|x64.Deploy.0 = Debug|x64
		{D99F84D4-0D29-4AFC-A3FA-F59F58675B97}.Debug|x86.ActiveCfg = Debug|x86
		{D99F84D4-0D29-4AFC-A3FA-F59F58675B97}.Debug|x86.Build.0 = Debug|x86
		{D99F84D4-0D29-4AFC-A3FA-F59F58675B97}.Debug|x86.Deploy.0 = Debug|x86
		{D99F84D4-0D29-4AFC-A3FA-F59F58675B97}.Release|ARM.ActiveCfg = Release|ARM
		{D99F84D4-0D29-4AFC-A3FA-F59F58675B97}.Release|ARM.Build.0 = Release|ARM
		{D99F84D4-0D29-4AFC-A3FA-F59F58675B97}.Release|ARM.Deploy.0 = Release|ARM
		{D99F84D4-0D29-4AFC-A3FA-F59F58675B97}.Release|x64.ActiveCfg = Release|x64
		{D99F84D4-0D29-4AFC-A3FA-F59F58675B97}.Release|x64.Build.0 = Release|x64
		{D99F84D4-0D29-4AFC-A3FA-F59F58675B97}.Release|x64.Deploy.0 = Release|x64
		{D99F84D4-0D29-4AFC-A3FA-F59F58675B97}.Release|x86.ActiveCfg = Release|x86
		{D99F84D4-0D29-4AFC-A3FA-F59F58675B97}.Release|x86.Build.0 = Release|x86
		{D99F84D4-0D29-4AFC-A3FA-F59F58675B97}.Release|x86.Deploy.0 = Release|x86
	EndGlobalSection
	GlobalSection(SolutionProperties) = preSolution
		HideSolutionNode = FALSE
	EndGlobalSection
	GlobalSection(ExtensibilityGlobals) = postSolution
		SolutionGuid = {8D3DA6B8-9FAC-4E90-BE53-3CD0C790C2D6}
	EndGlobalSection
EndGlobal
